
Microsoft Visual Studio Solution File, Format Version 12.00
# Visual Studio 15
VisualStudioVersion = 15.0.27004.2009
MinimumVisualStudioVersion = 10.0.40219.1
Project("{9A19103F-16F7-4668-BE54-9A1E7A4F7556}") = "Autocomplete", "Autocomplete\Autocomplete.csproj", "{70543434-E4DD-47B6-A6BA-D1D2C2AFEFE8}"
EndProject
Project("{9A19103F-16F7-4668-BE54-9A1E7A4F7556}") = "ThirdParty", "ThirdParty\ThirdParty.csproj", "{EB24BC33-9442-4455-831D-F29CAFAF43CD}"
EndProject
Project("{FAE04EC0-301F-11D3-BF4B-00C04F79EFBC}") = "Autocomplete.Test", "Autocomplete.Test\Autocomplete.Test.csproj", "{07237403-9044-4744-8B79-CAE65B0CA984}"
EndProject
Project("{FAE04EC0-301F-11D3-BF4B-00C04F79EFBC}") = "Autocomplete.PerformanceTest", "Autocomplete.PerformanceTest\Autocomplete.PerformanceTest.csproj", "{94F3ECA9-9899-4C08-AA4D-A988DB1E1280}"
EndProject
Global
	GlobalSection(SolutionConfigurationPlatforms) = preSolution
		Debug|Any CPU = Debug|Any CPU
		Release|Any CPU = Release|Any CPU
	EndGlobalSection
	GlobalSection(ProjectConfigurationPlatforms) = postSolution
		{70543434-E4DD-47B6-A6BA-D1D2C2AFEFE8}.Debug|Any CPU.ActiveCfg = Debug|Any CPU
		{70543434-E4DD-47B6-A6BA-D1D2C2AFEFE8}.Debug|Any CPU.Build.0 = Debug|Any CPU
		{70543434-E4DD-47B6-A6BA-D1D2C2AFEFE8}.Release|Any CPU.ActiveCfg = Release|Any CPU
		{70543434-E4DD-47B6-A6BA-D1D2C2AFEFE8}.Release|Any CPU.Build.0 = Release|Any CPU
		{EB24BC33-9442-4455-831D-F29CAFAF43CD}.Debug|Any CPU.ActiveCfg = Debug|Any CPU
		{EB24BC33-9442-4455-831D-F29CAFAF43CD}.Debug|Any CPU.Build.0 = Debug|Any CPU
		{EB24BC33-9442-4455-831D-F29CAFAF43CD}.Release|Any CPU.ActiveCfg = Release|Any CPU
		{EB24BC33-9442-4455-831D-F29CAFAF43CD}.Release|Any CPU.Build.0 = Release|Any CPU
		{07237403-9044-4744-8B79-CAE65B0CA984}.Debug|Any CPU.ActiveCfg = Debug|Any CPU
		{07237403-9044-4744-8B79-CAE65B0CA984}.Debug|Any CPU.Build.0 = Debug|Any CPU
		{07237403-9044-4744-8B79-CAE65B0CA984}.Release|Any CPU.ActiveCfg = Release|Any CPU
		{07237403-9044-4744-8B79-CAE65B0CA984}.Release|Any CPU.Build.0 = Release|Any CPU
		{94F3ECA9-9899-4C08-AA4D-A988DB1E1280}.Debug|Any CPU.ActiveCfg = Debug|Any CPU
		{94F3ECA9-9899-4C08-AA4D-A988DB1E1280}.Debug|Any CPU.Build.0 = Debug|Any CPU
		{94F3ECA9-9899-4C08-AA4D-A988DB1E1280}.Release|Any CPU.ActiveCfg = Release|Any CPU
		{94F3ECA9-9899-4C08-AA4D-A988DB1E1280}.Release|Any CPU.Build.0 = Release|Any CPU
	EndGlobalSection
	GlobalSection(SolutionProperties) = preSolution
		HideSolutionNode = FALSE
	EndGlobalSection
	GlobalSection(ExtensibilityGlobals) = postSolution
		SolutionGuid = {7E4881DB-1F61-4259-8D9F-EA97B9ADF939}
	EndGlobalSection
EndGlobal
